
Microsoft Visual Studio Solution File, Format Version 12.00
# Visual Studio Version 17
VisualStudioVersion = 17.5.002.0
MinimumVisualStudioVersion = 10.0.40219.1
Project("{9A19103F-16F7-4668-BE54-9A1E7A4F7556}") = "App", "App.csproj", "{2E95780B-BC93-476C-BBA1-7657497F216C}"
EndProject
Project("{FAE04EC0-301F-11D3-BF4B-00C04F79EFBC}") = "Classes", "..\Classes\Classes.csproj", "{3890B678-9259-46C5-82F8-8DC8A1A03042}"
EndProject
Project("{FAE04EC0-301F-11D3-BF4B-00C04F79EFBC}") = "TestApp", "..\TestApp\TestApp.csproj", "{99A9587F-4829-4066-87C7-769D8BE51C88}"
EndProject
Global
	GlobalSection(SolutionConfigurationPlatforms) = preSolution
		Debug|Any CPU = Debug|Any CPU
		Release|Any CPU = Release|Any CPU
	EndGlobalSection
	GlobalSection(ProjectConfigurationPlatforms) = postSolution
		{2E95780B-BC93-476C-BBA1-7657497F216C}.Debug|Any CPU.ActiveCfg = Debug|Any CPU
		{2E95780B-BC93-476C-BBA1-7657497F216C}.Debug|Any CPU.Build.0 = Debug|Any CPU
		{2E95780B-BC93-476C-BBA1-7657497F216C}.Release|Any CPU.ActiveCfg = Release|Any CPU
		{2E95780B-BC93-476C-BBA1-7657497F216C}.Release|Any CPU.Build.0 = Release|Any CPU
		{3890B678-9259-46C5-82F8-8DC8A1A03042}.Debug|Any CPU.ActiveCfg = Debug|Any CPU
		{3890B678-9259-46C5-82F8-8DC8A1A03042}.Debug|Any CPU.Build.0 = Debug|Any CPU
		{3890B678-9259-46C5-82F8-8DC8A1A03042}.Release|Any CPU.ActiveCfg = Release|Any CPU
		{3890B678-9259-46C5-82F8-8DC8A1A03042}.Release|Any CPU.Build.0 = Release|Any CPU
		{99A9587F-4829-4066-87C7-769D8BE51C88}.Debug|Any CPU.ActiveCfg = Debug|Any CPU
		{99A9587F-4829-4066-87C7-769D8BE51C88}.Debug|Any CPU.Build.0 = Debug|Any CPU
		{99A9587F-4829-4066-87C7-769D8BE51C88}.Release|Any CPU.ActiveCfg = Release|Any CPU
		{99A9587F-4829-4066-87C7-769D8BE51C88}.Release|Any CPU.Build.0 = Release|Any CPU
	EndGlobalSection
	GlobalSection(SolutionProperties) = preSolution
		HideSolutionNode = FALSE
	EndGlobalSection
	GlobalSection(ExtensibilityGlobals) = postSolution
		SolutionGuid = {BEA880C7-F19E-4A88-A253-58A83F346FCA}
	EndGlobalSection
EndGlobal
